// !$*UTF8*$!
{
	archiveVersion = 1;
	classes = {
	};
	objectVersion = 46;
	objects = {

/* Begin PBXBuildFile section */
		FC43F6451950188700BAD93B /* Foundation.framework in Frameworks */ = {isa = PBXBuildFile; fileRef = FC43F6441950188700BAD93B /* Foundation.framework */; };
		FC43F6471950188700BAD93B /* CoreGraphics.framework in Frameworks */ = {isa = PBXBuildFile; fileRef = FC43F6461950188700BAD93B /* CoreGraphics.framework */; };
		FC43F6491950188700BAD93B /* UIKit.framework in Frameworks */ = {isa = PBXBuildFile; fileRef = FC43F6481950188700BAD93B /* UIKit.framework */; };
		FC43F64F1950188700BAD93B /* InfoPlist.strings in Resources */ = {isa = PBXBuildFile; fileRef = FC43F64D1950188700BAD93B /* InfoPlist.strings */; };
		FC43F6511950188700BAD93B /* main.m in Sources */ = {isa = PBXBuildFile; fileRef = FC43F6501950188700BAD93B /* main.m */; };
		FC43F6551950188700BAD93B /* BGMAppDelegate.m in Sources */ = {isa = PBXBuildFile; fileRef = FC43F6541950188700BAD93B /* BGMAppDelegate.m */; };
		FC43F6581950188700BAD93B /* Main.storyboard in Resources */ = {isa = PBXBuildFile; fileRef = FC43F6561950188700BAD93B /* Main.storyboard */; };
		FC43F65B1950188700BAD93B /* BGMViewController.m in Sources */ = {isa = PBXBuildFile; fileRef = FC43F65A1950188700BAD93B /* BGMViewController.m */; };
		FC43F65D1950188700BAD93B /* Images.xcassets in Resources */ = {isa = PBXBuildFile; fileRef = FC43F65C1950188700BAD93B /* Images.xcassets */; };
		FC43F6641950188700BAD93B /* XCTest.framework in Frameworks */ = {isa = PBXBuildFile; fileRef = FC43F6631950188700BAD93B /* XCTest.framework */; };
		FC43F6651950188700BAD93B /* Foundation.framework in Frameworks */ = {isa = PBXBuildFile; fileRef = FC43F6441950188700BAD93B /* Foundation.framework */; };
		FC43F6661950188700BAD93B /* UIKit.framework in Frameworks */ = {isa = PBXBuildFile; fileRef = FC43F6481950188700BAD93B /* UIKit.framework */; };
		FC43F66E1950188700BAD93B /* InfoPlist.strings in Resources */ = {isa = PBXBuildFile; fileRef = FC43F66C1950188700BAD93B /* InfoPlist.strings */; };
		FC43F6701950188700BAD93B /* Animation_Test_3Tests.m in Sources */ = {isa = PBXBuildFile; fileRef = FC43F66F1950188700BAD93B /* Animation_Test_3Tests.m */; };
/* End PBXBuildFile section */

/* Begin PBXContainerItemProxy section */
		FC43F6671950188700BAD93B /* PBXContainerItemProxy */ = {
			isa = PBXContainerItemProxy;
			containerPortal = FC43F6391950188600BAD93B /* Project object */;
			proxyType = 1;
			remoteGlobalIDString = FC43F6401950188700BAD93B;
			remoteInfo = "Animation Test 3";
		};
/* End PBXContainerItemProxy section */

/* Begin PBXFileReference section */
		FC43F6411950188700BAD93B /* Animation Test 3.app */ = {isa = PBXFileReference; explicitFileType = wrapper.application; includeInIndex = 0; path = "Animation Test 3.app"; sourceTree = BUILT_PRODUCTS_DIR; };
		FC43F6441950188700BAD93B /* Foundation.framework */ = {isa = PBXFileReference; lastKnownFileType = wrapper.framework; name = Foundation.framework; path = System/Library/Frameworks/Foundation.framework; sourceTree = SDKROOT; };
		FC43F6461950188700BAD93B /* CoreGraphics.framework */ = {isa = PBXFileReference; lastKnownFileType = wrapper.framework; name = CoreGraphics.framework; path = System/Library/Frameworks/CoreGraphics.framework; sourceTree = SDKROOT; };
		FC43F6481950188700BAD93B /* UIKit.framework */ = {isa = PBXFileReference; lastKnownFileType = wrapper.framework; name = UIKit.framework; path = System/Library/Frameworks/UIKit.framework; sourceTree = SDKROOT; };
		FC43F64C1950188700BAD93B /* Animation Test 3-Info.plist */ = {isa = PBXFileReference; lastKnownFileType = text.plist.xml; path = "Animation Test 3-Info.plist"; sourceTree = "<group>"; };
		FC43F64E1950188700BAD93B /* en */ = {isa = PBXFileReference; lastKnownFileType = text.plist.strings; name = en; path = en.lproj/InfoPlist.strings; sourceTree = "<group>"; };
		FC43F6501950188700BAD93B /* main.m */ = {isa = PBXFileReference; lastKnownFileType = sourcecode.c.objc; path = main.m; sourceTree = "<group>"; };
		FC43F6521950188700BAD93B /* Animation Test 3-Prefix.pch */ = {isa = PBXFileReference; lastKnownFileType = sourcecode.c.h; path = "Animation Test 3-Prefix.pch"; sourceTree = "<group>"; };
		FC43F6531950188700BAD93B /* BGMAppDelegate.h */ = {isa = PBXFileReference; lastKnownFileType = sourcecode.c.h; path = BGMAppDelegate.h; sourceTree = "<group>"; };
		FC43F6541950188700BAD93B /* BGMAppDelegate.m */ = {isa = PBXFileReference; lastKnownFileType = sourcecode.c.objc; path = BGMAppDelegate.m; sourceTree = "<group>"; };
		FC43F6571950188700BAD93B /* Base */ = {isa = PBXFileReference; lastKnownFileType = file.storyboard; name = Base; path = Base.lproj/Main.storyboard; sourceTree = "<group>"; };
		FC43F6591950188700BAD93B /* BGMViewController.h */ = {isa = PBXFileReference; lastKnownFileType = sourcecode.c.h; path = BGMViewController.h; sourceTree = "<group>"; };
		FC43F65A1950188700BAD93B /* BGMViewController.m */ = {isa = PBXFileReference; lastKnownFileType = sourcecode.c.objc; path = BGMViewController.m; sourceTree = "<group>"; };
		FC43F65C1950188700BAD93B /* Images.xcassets */ = {isa = PBXFileReference; lastKnownFileType = folder.assetcatalog; path = Images.xcassets; sourceTree = "<group>"; };
		FC43F6621950188700BAD93B /* Animation Test 3Tests.xctest */ = {isa = PBXFileReference; explicitFileType = wrapper.cfbundle; includeInIndex = 0; path = "Animation Test 3Tests.xctest"; sourceTree = BUILT_PRODUCTS_DIR; };
		FC43F6631950188700BAD93B /* XCTest.framework */ = {isa = PBXFileReference; lastKnownFileType = wrapper.framework; name = XCTest.framework; path = Library/Frameworks/XCTest.framework; sourceTree = DEVELOPER_DIR; };
		FC43F66B1950188700BAD93B /* Animation Test 3Tests-Info.plist */ = {isa = PBXFileReference; lastKnownFileType = text.plist.xml; path = "Animation Test 3Tests-Info.plist"; sourceTree = "<group>"; };
		FC43F66D1950188700BAD93B /* en */ = {isa = PBXFileReference; lastKnownFileType = text.plist.strings; name = en; path = en.lproj/InfoPlist.strings; sourceTree = "<group>"; };
		FC43F66F1950188700BAD93B /* Animation_Test_3Tests.m */ = {isa = PBXFileReference; lastKnownFileType = sourcecode.c.objc; path = Animation_Test_3Tests.m; sourceTree = "<group>"; };
/* End PBXFileReference section */

/* Begin PBXFrameworksBuildPhase section */
		FC43F63E1950188700BAD93B /* Frameworks */ = {
			isa = PBXFrameworksBuildPhase;
			buildActionMask = 2147483647;
			files = (
				FC43F6471950188700BAD93B /* CoreGraphics.framework in Frameworks */,
				FC43F6491950188700BAD93B /* UIKit.framework in Frameworks */,
				FC43F6451950188700BAD93B /* Foundation.framework in Frameworks */,
			);
			runOnlyForDeploymentPostprocessing = 0;
		};
		FC43F65F1950188700BAD93B /* Frameworks */ = {
			isa = PBXFrameworksBuildPhase;
			buildActionMask = 2147483647;
			files = (
				FC43F6641950188700BAD93B /* XCTest.framework in Frameworks */,
				FC43F6661950188700BAD93B /* UIKit.framework in Frameworks */,
				FC43F6651950188700BAD93B /* Foundation.framework in Frameworks */,
			);
			runOnlyForDeploymentPostprocessing = 0;
		};
/* End PBXFrameworksBuildPhase section */

/* Begin PBXGroup section */
		FC43F6381950188600BAD93B = {
			isa = PBXGroup;
			children = (
				FC43F64A1950188700BAD93B /* Animation Test 3 */,
				FC43F6691950188700BAD93B /* Animation Test 3Tests */,
				FC43F6431950188700BAD93B /* Frameworks */,
				FC43F6421950188700BAD93B /* Products */,
			);
			sourceTree = "<group>";
		};
		FC43F6421950188700BAD93B /* Products */ = {
			isa = PBXGroup;
			children = (
				FC43F6411950188700BAD93B /* Animation Test 3.app */,
				FC43F6621950188700BAD93B /* Animation Test 3Tests.xctest */,
			);
			name = Products;
			sourceTree = "<group>";
		};
		FC43F6431950188700BAD93B /* Frameworks */ = {
			isa = PBXGroup;
			children = (
				FC43F6441950188700BAD93B /* Foundation.framework */,
				FC43F6461950188700BAD93B /* CoreGraphics.framework */,
				FC43F6481950188700BAD93B /* UIKit.framework */,
				FC43F6631950188700BAD93B /* XCTest.framework */,
			);
			name = Frameworks;
			sourceTree = "<group>";
		};
		FC43F64A1950188700BAD93B /* Animation Test 3 */ = {
			isa = PBXGroup;
			children = (
				FC43F6531950188700BAD93B /* BGMAppDelegate.h */,
				FC43F6541950188700BAD93B /* BGMAppDelegate.m */,
				FC43F6561950188700BAD93B /* Main.storyboard */,
				FC43F6591950188700BAD93B /* BGMViewController.h */,
				FC43F65A1950188700BAD93B /* BGMViewController.m */,
				FC43F65C1950188700BAD93B /* Images.xcassets */,
				FC43F64B1950188700BAD93B /* Supporting Files */,
			);
			path = "Animation Test 3";
			sourceTree = "<group>";
		};
		FC43F64B1950188700BAD93B /* Supporting Files */ = {
			isa = PBXGroup;
			children = (
				FC43F64C1950188700BAD93B /* Animation Test 3-Info.plist */,
				FC43F64D1950188700BAD93B /* InfoPlist.strings */,
				FC43F6501950188700BAD93B /* main.m */,
				FC43F6521950188700BAD93B /* Animation Test 3-Prefix.pch */,
			);
			name = "Supporting Files";
			sourceTree = "<group>";
		};
		FC43F6691950188700BAD93B /* Animation Test 3Tests */ = {
			isa = PBXGroup;
			children = (
				FC43F66F1950188700BAD93B /* Animation_Test_3Tests.m */,
				FC43F66A1950188700BAD93B /* Supporting Files */,
			);
			path = "Animation Test 3Tests";
			sourceTree = "<group>";
		};
		FC43F66A1950188700BAD93B /* Supporting Files */ = {
			isa = PBXGroup;
			children = (
				FC43F66B1950188700BAD93B /* Animation Test 3Tests-Info.plist */,
				FC43F66C1950188700BAD93B /* InfoPlist.strings */,
			);
			name = "Supporting Files";
			sourceTree = "<group>";
		};
/* End PBXGroup section */

/* Begin PBXNativeTarget section */
		FC43F6401950188700BAD93B /* Animation Test 3 */ = {
			isa = PBXNativeTarget;
			buildConfigurationList = FC43F6731950188700BAD93B /* Build configuration list for PBXNativeTarget "Animation Test 3" */;
			buildPhases = (
				FC43F63D1950188700BAD93B /* Sources */,
				FC43F63E1950188700BAD93B /* Frameworks */,
				FC43F63F1950188700BAD93B /* Resources */,
			);
			buildRules = (
			);
			dependencies = (
			);
			name = "Animation Test 3";
			productName = "Animation Test 3";
			productReference = FC43F6411950188700BAD93B /* Animation Test 3.app */;
			productType = "com.apple.product-type.application";
		};
		FC43F6611950188700BAD93B /* Animation Test 3Tests */ = {
			isa = PBXNativeTarget;
			buildConfigurationList = FC43F6761950188700BAD93B /* Build configuration list for PBXNativeTarget "Animation Test 3Tests" */;
			buildPhases = (
				FC43F65E1950188700BAD93B /* Sources */,
				FC43F65F1950188700BAD93B /* Frameworks */,
				FC43F6601950188700BAD93B /* Resources */,
			);
			buildRules = (
			);
			dependencies = (
				FC43F6681950188700BAD93B /* PBXTargetDependency */,
			);
			name = "Animation Test 3Tests";
			productName = "Animation Test 3Tests";
			productReference = FC43F6621950188700BAD93B /* Animation Test 3Tests.xctest */;
			productType = "com.apple.product-type.bundle.unit-test";
		};
/* End PBXNativeTarget section */

/* Begin PBXProject section */
		FC43F6391950188600BAD93B /* Project object */ = {
			isa = PBXProject;
			attributes = {
				CLASSPREFIX = BGM;
				LastUpgradeCheck = 0510;
				ORGANIZATIONNAME = "馬 岩";
				TargetAttributes = {
					FC43F6611950188700BAD93B = {
						TestTargetID = FC43F6401950188700BAD93B;
					};
				};
			};
			buildConfigurationList = FC43F63C1950188600BAD93B /* Build configuration list for PBXProject "Animation Test 3" */;
			compatibilityVersion = "Xcode 3.2";
			developmentRegion = English;
			hasScannedForEncodings = 0;
			knownRegions = (
				en,
				Base,
			);
			mainGroup = FC43F6381950188600BAD93B;
			productRefGroup = FC43F6421950188700BAD93B /* Products */;
			projectDirPath = "";
			projectRoot = "";
			targets = (
				FC43F6401950188700BAD93B /* Animation Test 3 */,
				FC43F6611950188700BAD93B /* Animation Test 3Tests */,
			);
		};
/* End PBXProject section */

/* Begin PBXResourcesBuildPhase section */
		FC43F63F1950188700BAD93B /* Resources */ = {
			isa = PBXResourcesBuildPhase;
			buildActionMask = 2147483647;
			files = (
				FC43F65D1950188700BAD93B /* Images.xcassets in Resources */,
				FC43F64F1950188700BAD93B /* InfoPlist.strings in Resources */,
				FC43F6581950188700BAD93B /* Main.storyboard in Resources */,
			);
			runOnlyForDeploymentPostprocessing = 0;
		};
		FC43F6601950188700BAD93B /* Resources */ = {
			isa = PBXResourcesBuildPhase;
			buildActionMask = 2147483647;
			files = (
				FC43F66E1950188700BAD93B /* InfoPlist.strings in Resources */,
			);
			runOnlyForDeploymentPostprocessing = 0;
		};
/* End PBXResourcesBuildPhase section */

/* Begin PBXSourcesBuildPhase section */
		FC43F63D1950188700BAD93B /* Sources */ = {
			isa = PBXSourcesBuildPhase;
			buildActionMask = 2147483647;
			files = (
				FC43F6511950188700BAD93B /* main.m in Sources */,
				FC43F6551950188700BAD93B /* BGMAppDelegate.m in Sources */,
				FC43F65B1950188700BAD93B /* BGMViewController.m in Sources */,
			);
			runOnlyForDeploymentPostprocessing = 0;
		};
		FC43F65E1950188700BAD93B /* Sources */ = {
			isa = PBXSourcesBuildPhase;
			buildActionMask = 2147483647;
			files = (
				FC43F6701950188700BAD93B /* Animation_Test_3Tests.m in Sources */,
			);
			runOnlyForDeploymentPostprocessing = 0;
		};
/* End PBXSourcesBuildPhase section */

/* Begin PBXTargetDependency section */
		FC43F6681950188700BAD93B /* PBXTargetDependency */ = {
			isa = PBXTargetDependency;
			target = FC43F6401950188700BAD93B /* Animation Test 3 */;
			targetProxy = FC43F6671950188700BAD93B /* PBXContainerItemProxy */;
		};
/* End PBXTargetDependency section */

/* Begin PBXVariantGroup section */
		FC43F64D1950188700BAD93B /* InfoPlist.strings */ = {
			isa = PBXVariantGroup;
			children = (
				FC43F64E1950188700BAD93B /* en */,
			);
			name = InfoPlist.strings;
			sourceTree = "<group>";
		};
		FC43F6561950188700BAD93B /* Main.storyboard */ = {
			isa = PBXVariantGroup;
			children = (
				FC43F6571950188700BAD93B /* Base */,
			);
			name = Main.storyboard;
			sourceTree = "<group>";
		};
		FC43F66C1950188700BAD93B /* InfoPlist.strings */ = {
			isa = PBXVariantGroup;
			children = (
				FC43F66D1950188700BAD93B /* en */,
			);
			name = InfoPlist.strings;
			sourceTree = "<group>";
		};
/* End PBXVariantGroup section */

/* Begin XCBuildConfiguration section */
		FC43F6711950188700BAD93B /* Debug */ = {
			isa = XCBuildConfiguration;
			buildSettings = {
				ALWAYS_SEARCH_USER_PATHS = NO;
				CLANG_CXX_LANGUAGE_STANDARD = "gnu++0x";
				CLANG_CXX_LIBRARY = "libc++";
				CLANG_ENABLE_MODULES = YES;
				CLANG_ENABLE_OBJC_ARC = YES;
				CLANG_WARN_BOOL_CONVERSION = YES;
				CLANG_WARN_CONSTANT_CONVERSION = YES;
				CLANG_WARN_DIRECT_OBJC_ISA_USAGE = YES_ERROR;
				CLANG_WARN_EMPTY_BODY = YES;
				CLANG_WARN_ENUM_CONVERSION = YES;
				CLANG_WARN_INT_CONVERSION = YES;
				CLANG_WARN_OBJC_ROOT_CLASS = YES_ERROR;
				CLANG_WARN__DUPLICATE_METHOD_MATCH = YES;
				"CODE_SIGN_IDENTITY[sdk=iphoneos*]" = "iPhone Developer";
				COPY_PHASE_STRIP = NO;
				GCC_C_LANGUAGE_STANDARD = gnu99;
				GCC_DYNAMIC_NO_PIC = NO;
				GCC_OPTIMIZATION_LEVEL = 0;
				GCC_PREPROCESSOR_DEFINITIONS = (
					"DEBUG=1",
					"$(inherited)",
				);
				GCC_SYMBOLS_PRIVATE_EXTERN = NO;
				GCC_WARN_64_TO_32_BIT_CONVERSION = YES;
				GCC_WARN_ABOUT_RETURN_TYPE = YES_ERROR;
				GCC_WARN_UNDECLARED_SELECTOR = YES;
				GCC_WARN_UNINITIALIZED_AUTOS = YES_AGGRESSIVE;
				GCC_WARN_UNUSED_FUNCTION = YES;
				GCC_WARN_UNUSED_VARIABLE = YES;
				IPHONEOS_DEPLOYMENT_TARGET = 7.1;
				ONLY_ACTIVE_ARCH = YES;
				SDKROOT = iphoneos;
			};
			name = Debug;
		};
		FC43F6721950188700BAD93B /* Release */ = {
			isa = XCBuildConfiguration;
			buildSettings = {
				ALWAYS_SEARCH_USER_PATHS = NO;
				CLANG_CXX_LANGUAGE_STANDARD = "gnu++0x";
				CLANG_CXX_LIBRARY = "libc++";
				CLANG_ENABLE_MODULES = YES;
				CLANG_ENABLE_OBJC_ARC = YES;
				CLANG_WARN_BOOL_CONVERSION = YES;
				CLANG_WARN_CONSTANT_CONVERSION = YES;
				CLANG_WARN_DIRECT_OBJC_ISA_USAGE = YES_ERROR;
				CLANG_WARN_EMPTY_BODY = YES;
				CLANG_WARN_ENUM_CONVERSION = YES;
				CLANG_WARN_INT_CONVERSION = YES;
				CLANG_WARN_OBJC_ROOT_CLASS = YES_ERROR;
				CLANG_WARN__DUPLICATE_METHOD_MATCH = YES;
				"CODE_SIGN_IDENTITY[sdk=iphoneos*]" = "iPhone Developer";
				COPY_PHASE_STRIP = YES;
				ENABLE_NS_ASSERTIONS = NO;
				GCC_C_LANGUAGE_STANDARD = gnu99;
				GCC_WARN_64_TO_32_BIT_CONVERSION = YES;
				GCC_WARN_ABOUT_RETURN_TYPE = YES_ERROR;
				GCC_WARN_UNDECLARED_SELECTOR = YES;
				GCC_WARN_UNINITIALIZED_AUTOS = YES_AGGRESSIVE;
				GCC_WARN_UNUSED_FUNCTION = YES;
				GCC_WARN_UNUSED_VARIABLE = YES;
				IPHONEOS_DEPLOYMENT_TARGET = 7.1;
				SDKROOT = iphoneos;
				VALIDATE_PRODUCT = YES;
			};
			name = Release;
		};
		FC43F6741950188700BAD93B /* Debug */ = {
			isa = XCBuildConfiguration;
			buildSettings = {
				ASSETCATALOG_COMPILER_APPICON_NAME = AppIcon;
				ASSETCATALOG_COMPILER_LAUNCHIMAGE_NAME = LaunchImage;
				GCC_PRECOMPILE_PREFIX_HEADER = YES;
				GCC_PREFIX_HEADER = "Animation Test 3/Animation Test 3-Prefix.pch";
				INFOPLIST_FILE = "Animation Test 3/Animation Test 3-Info.plist";
				PRODUCT_NAME = "$(TARGET_NAME)";
				WRAPPER_EXTENSION = app;
			};
			name = Debug;
		};
		FC43F6751950188700BAD93B /* Release */ = {
			isa = XCBuildConfiguration;
			buildSettings = {
				ASSETCATALOG_COMPILER_APPICON_NAME = AppIcon;
				ASSETCATALOG_COMPILER_LAUNCHIMAGE_NAME = LaunchImage;
				GCC_PRECOMPILE_PREFIX_HEADER = YES;
				GCC_PREFIX_HEADER = "Animation Test 3/Animation Test 3-Prefix.pch";
				INFOPLIST_FILE = "Animation Test 3/Animation Test 3-Info.plist";
				PRODUCT_NAME = "$(TARGET_NAME)";
				WRAPPER_EXTENSION = app;
			};
			name = Release;
		};
		FC43F6771950188700BAD93B /* Debug */ = {
			isa = XCBuildConfiguration;
			buildSettings = {
				BUNDLE_LOADER = "$(BUILT_PRODUCTS_DIR)/Animation Test 3.app/Animation Test 3";
				FRAMEWORK_SEARCH_PATHS = (
					"$(SDKROOT)/Developer/Library/Frameworks",
					"$(inherited)",
					"$(DEVELOPER_FRAMEWORKS_DIR)",
				);
				GCC_PRECOMPILE_PREFIX_HEADER = YES;
				GCC_PREFIX_HEADER = "Animation Test 3/Animation Test 3-Prefix.pch";
				GCC_PREPROCESSOR_DEFINITIONS = (
					"DEBUG=1",
					"$(inherited)",
				);
				INFOPLIST_FILE = "Animation Test 3Tests/Animation Test 3Tests-Info.plist";
				PRODUCT_NAME = "$(TARGET_NAME)";
				TEST_HOST = "$(BUNDLE_LOADER)";
				WRAPPER_EXTENSION = xctest;
			};
			name = Debug;
		};
		FC43F6781950188700BAD93B /* Release */ = {
			isa = XCBuildConfiguration;
			buildSettings = {
				BUNDLE_LOADER = "$(BUILT_PRODUCTS_DIR)/Animation Test 3.app/Animation Test 3";
				FRAMEWORK_SEARCH_PATHS = (
					"$(SDKROOT)/Developer/Library/Frameworks",
					"$(inherited)",
					"$(DEVELOPER_FRAMEWORKS_DIR)",
				);
				GCC_PRECOMPILE_PREFIX_HEADER = YES;
				GCC_PREFIX_HEADER = "Animation Test 3/Animation Test 3-Prefix.pch";
				INFOPLIST_FILE = "Animation Test 3Tests/Animation Test 3Tests-Info.plist";
				PRODUCT_NAME = "$(TARGET_NAME)";
				TEST_HOST = "$(BUNDLE_LOADER)";
				WRAPPER_EXTENSION = xctest;
			};
			name = Release;
		};
/* End XCBuildConfiguration section */

/* Begin XCConfigurationList section */
		FC43F63C1950188600BAD93B /* Build configuration list for PBXProject "Animation Test 3" */ = {
			isa = XCConfigurationList;
			buildConfigurations = (
				FC43F6711950188700BAD93B /* Debug */,
				FC43F6721950188700BAD93B /* Release */,
			);
			defaultConfigurationIsVisible = 0;
			defaultConfigurationName = Release;
		};
		FC43F6731950188700BAD93B /* Build configuration list for PBXNativeTarget "Animation Test 3" */ = {
			isa = XCConfigurationList;
			buildConfigurations = (
				FC43F6741950188700BAD93B /* Debug */,
				FC43F6751950188700BAD93B /* Release */,
			);
			defaultConfigurationIsVisible = 0;
		};
		FC43F6761950188700BAD93B /* Build configuration list for PBXNativeTarget "Animation Test 3Tests" */ = {
			isa = XCConfigurationList;
			buildConfigurations = (
				FC43F6771950188700BAD93B /* Debug */,
				FC43F6781950188700BAD93B /* Release */,
			);
			defaultConfigurationIsVisible = 0;
		};
/* End XCConfigurationList section */
	};
	rootObject = FC43F6391950188600BAD93B /* Project object */;
}
